
Microsoft Visual Studio Solution File, Format Version 12.00
# Visual Studio Version 17
VisualStudioVersion = 17.9.34728.123
MinimumVisualStudioVersion = 10.0.40219.1
Project("{2150E333-8FDC-42A3-9474-1A3956D46DE8}") = "src", "src", "{F95A9FE7-8299-4127-95D4-206638C2C760}"
EndProject
Project("{2150E333-8FDC-42A3-9474-1A3956D46DE8}") = "tests", "tests", "{30CA84C4-6365-43F9-BFAA-E275293D9A3F}"
EndProject
Project("{9A19103F-16F7-4668-BE54-9A1E7A4F7556}") = "ClientConnect.Api", "src\ClientConnect.Api\ClientConnect.Api.csproj", "{EAAF2A9C-D5D9-4978-AC45-3AFAEC73EFF4}"
EndProject
Project("{9A19103F-16F7-4668-BE54-9A1E7A4F7556}") = "ClientConnect.Infrastructure", "src\ClientConnect.Infrastructure\ClientConnect.Infrastructure.csproj", "{6A186BB5-7964-4974-8967-3ED082729C9A}"
EndProject
Project("{9A19103F-16F7-4668-BE54-9A1E7A4F7556}") = "ClientConnect.Domain", "src\ClientConnect.Domain\ClientConnect.Domain.csproj", "{0BA7941E-3392-404B-B6C7-485A6016F1A6}"
EndProject
Project("{9A19103F-16F7-4668-BE54-9A1E7A4F7556}") = "ClientConnect.UseCases", "src\ClientConnect.UseCases\ClientConnect.UseCases.csproj", "{6DC94438-F574-48D3-8712-C0D0A55F8CEF}"
EndProject
Project("{9A19103F-16F7-4668-BE54-9A1E7A4F7556}") = "ClientConnect.Unit.Test", "tests\ClientConnect.Unit.Test\ClientConnect.Unit.Test.csproj", "{7B6200A8-E1DB-4059-AFF4-072A89061D75}"
EndProject
Project("{9A19103F-16F7-4668-BE54-9A1E7A4F7556}") = "ClientConnect.Integration.Test", "tests\ClientConnect.Integration.Test\ClientConnect.Integration.Test.csproj", "{AF1EE471-E14A-4515-A1D4-4BC50547DA16}"
EndProject
Global
	GlobalSection(SolutionConfigurationPlatforms) = preSolution
		Debug|Any CPU = Debug|Any CPU
		Release|Any CPU = Release|Any CPU
	EndGlobalSection
	GlobalSection(ProjectConfigurationPlatforms) = postSolution
		{EAAF2A9C-D5D9-4978-AC45-3AFAEC73EFF4}.Debug|Any CPU.ActiveCfg = Debug|Any CPU
		{EAAF2A9C-D5D9-4978-AC45-3AFAEC73EFF4}.Debug|Any CPU.Build.0 = Debug|Any CPU
		{EAAF2A9C-D5D9-4978-AC45-3AFAEC73EFF4}.Release|Any CPU.ActiveCfg = Release|Any CPU
		{EAAF2A9C-D5D9-4978-AC45-3AFAEC73EFF4}.Release|Any CPU.Build.0 = Release|Any CPU
		{6A186BB5-7964-4974-8967-3ED082729C9A}.Debug|Any CPU.ActiveCfg = Debug|Any CPU
		{6A186BB5-7964-4974-8967-3ED082729C9A}.Debug|Any CPU.Build.0 = Debug|Any CPU
		{6A186BB5-7964-4974-8967-3ED082729C9A}.Release|Any CPU.ActiveCfg = Release|Any CPU
		{6A186BB5-7964-4974-8967-3ED082729C9A}.Release|Any CPU.Build.0 = Release|Any CPU
		{0BA7941E-3392-404B-B6C7-485A6016F1A6}.Debug|Any CPU.ActiveCfg = Debug|Any CPU
		{0BA7941E-3392-404B-B6C7-485A6016F1A6}.Debug|Any CPU.Build.0 = Debug|Any CPU
		{0BA7941E-3392-404B-B6C7-485A6016F1A6}.Release|Any CPU.ActiveCfg = Release|Any CPU
		{0BA7941E-3392-404B-B6C7-485A6016F1A6}.Release|Any CPU.Build.0 = Release|Any CPU
		{6DC94438-F574-48D3-8712-C0D0A55F8CEF}.Debug|Any CPU.ActiveCfg = Debug|Any CPU
		{6DC94438-F574-48D3-8712-C0D0A55F8CEF}.Debug|Any CPU.Build.0 = Debug|Any CPU
		{6DC94438-F574-48D3-8712-C0D0A55F8CEF}.Release|Any CPU.ActiveCfg = Release|Any CPU
		{6DC94438-F574-48D3-8712-C0D0A55F8CEF}.Release|Any CPU.Build.0 = Release|Any CPU
		{7B6200A8-E1DB-4059-AFF4-072A89061D75}.Debug|Any CPU.ActiveCfg = Debug|Any CPU
		{7B6200A8-E1DB-4059-AFF4-072A89061D75}.Debug|Any CPU.Build.0 = Debug|Any CPU
		{7B6200A8-E1DB-4059-AFF4-072A89061D75}.Release|Any CPU.ActiveCfg = Release|Any CPU
		{7B6200A8-E1DB-4059-AFF4-072A89061D75}.Release|Any CPU.Build.0 = Release|Any CPU
		{AF1EE471-E14A-4515-A1D4-4BC50547DA16}.Debug|Any CPU.ActiveCfg = Debug|Any CPU
		{AF1EE471-E14A-4515-A1D4-4BC50547DA16}.Debug|Any CPU.Build.0 = Debug|Any CPU
		{AF1EE471-E14A-4515-A1D4-4BC50547DA16}.Release|Any CPU.ActiveCfg = Release|Any CPU
		{AF1EE471-E14A-4515-A1D4-4BC50547DA16}.Release|Any CPU.Build.0 = Release|Any CPU
	EndGlobalSection
	GlobalSection(SolutionProperties) = preSolution
		HideSolutionNode = FALSE
	EndGlobalSection
	GlobalSection(NestedProjects) = preSolution
		{EAAF2A9C-D5D9-4978-AC45-3AFAEC73EFF4} = {F95A9FE7-8299-4127-95D4-206638C2C760}
		{6A186BB5-7964-4974-8967-3ED082729C9A} = {F95A9FE7-8299-4127-95D4-206638C2C760}
		{0BA7941E-3392-404B-B6C7-485A6016F1A6} = {F95A9FE7-8299-4127-95D4-206638C2C760}
		{6DC94438-F574-48D3-8712-C0D0A55F8CEF} = {F95A9FE7-8299-4127-95D4-206638C2C760}
		{7B6200A8-E1DB-4059-AFF4-072A89061D75} = {30CA84C4-6365-43F9-BFAA-E275293D9A3F}
		{AF1EE471-E14A-4515-A1D4-4BC50547DA16} = {30CA84C4-6365-43F9-BFAA-E275293D9A3F}
	EndGlobalSection
	GlobalSection(ExtensibilityGlobals) = postSolution
		SolutionGuid = {09F1BD40-A273-46FB-9DED-EBE34AA92BD6}
	EndGlobalSection
EndGlobal
